
Microsoft Visual Studio Solution File, Format Version 12.00
# Visual Studio Version 17
VisualStudioVersion = 17.14.36414.22 d17.14
MinimumVisualStudioVersion = 10.0.40219.1
Project("{FAE04EC0-301F-11D3-BF4B-00C04F79EFBC}") = "ExamenFinal", "ExamenFinal\ExamenFinal.csproj", "{45713A57-E6CF-428F-A862-6C998B9706C2}"
EndProject
Global
	GlobalSection(SolutionConfigurationPlatforms) = preSolution
		Debug|Any CPU = Debug|Any CPU
		Release|Any CPU = Release|Any CPU
	EndGlobalSection
	GlobalSection(ProjectConfigurationPlatforms) = postSolution
		{45713A57-E6CF-428F-A862-6C998B9706C2}.Debug|Any CPU.ActiveCfg = Debug|Any CPU
		{45713A57-E6CF-428F-A862-6C998B9706C2}.Debug|Any CPU.Build.0 = Debug|Any CPU
		{45713A57-E6CF-428F-A862-6C998B9706C2}.Release|Any CPU.ActiveCfg = Release|Any CPU
		{45713A57-E6CF-428F-A862-6C998B9706C2}.Release|Any CPU.Build.0 = Release|Any CPU
	EndGlobalSection
	GlobalSection(SolutionProperties) = preSolution
		HideSolutionNode = FALSE
	EndGlobalSection
	GlobalSection(ExtensibilityGlobals) = postSolution
		SolutionGuid = {2C5268EA-6D7B-4A9E-B27F-C952E5ED5BC2}
	EndGlobalSection
EndGlobal
